
Microsoft Visual Studio Solution File, Format Version 12.00
# Visual Studio Version 17
VisualStudioVersion = 17.1.32421.90
MinimumVisualStudioVersion = 10.0.40219.1
Project("{2150E333-8FDC-42A3-9474-1A3956D46DE8}") = "DesktopСlient", "DesktopСlient", "{02CCA943-55B5-484F-B0F4-7CDC282DD99E}"
EndProject
Project("{FAE04EC0-301F-11D3-BF4B-00C04F79EFBC}") = "FinancialCurrencyAnalyzerDesktopСlient", "FinancialCurrencyAnalyzerDesktopСlient\FinancialCurrencyAnalyzerDesktopСlient.csproj", "{3FF6F977-F638-47C5-B0CC-B03F275CE636}"
EndProject
Project("{2150E333-8FDC-42A3-9474-1A3956D46DE8}") = "Libraries", "Libraries", "{109ED62A-23AB-4402-AEA9-BBBAAE710412}"
EndProject
Project("{FAE04EC0-301F-11D3-BF4B-00C04F79EFBC}") = "DataBase", "DataBase\DataBase.csproj", "{034B9031-3AA6-4BEB-94C4-4A0424295C13}"
EndProject
Project("{FAE04EC0-301F-11D3-BF4B-00C04F79EFBC}") = "Extensions", "Extensions\Extensions.csproj", "{E22CE22E-DBBD-4CBC-B6F3-4B6852896DC3}"
EndProject
Project("{2150E333-8FDC-42A3-9474-1A3956D46DE8}") = "WebClient", "WebClient", "{6F0A5527-215A-45AC-888F-A24A2A1DB0A4}"
EndProject
Project("{2150E333-8FDC-42A3-9474-1A3956D46DE8}") = "UnitTests", "UnitTests", "{97AF90AB-D3C3-48D7-AB19-BA61C5314327}"
EndProject
Project("{FAE04EC0-301F-11D3-BF4B-00C04F79EFBC}") = "Consts", "Consts\Consts.csproj", "{61DEC687-D936-440C-A890-7297FD0C37DB}"
EndProject
Project("{2150E333-8FDC-42A3-9474-1A3956D46DE8}") = "PublicAPI", "PublicAPI", "{F6A918D7-DB6A-444E-88BA-22C557485E96}"
EndProject
Project("{2150E333-8FDC-42A3-9474-1A3956D46DE8}") = "PublicAPITests", "PublicAPITests", "{328391A4-EDE8-453F-A969-6B6A9DD117E1}"
EndProject
Project("{2150E333-8FDC-42A3-9474-1A3956D46DE8}") = "WebClientTests", "WebClientTests", "{6CDDA351-6B63-4CD1-857A-28ED2A7B16AB}"
EndProject
Project("{2150E333-8FDC-42A3-9474-1A3956D46DE8}") = "DesktopСlientTests", "DesktopСlientTests", "{4ED693C0-1AA2-41A0-846E-20E178862ACC}"
EndProject
Project("{2150E333-8FDC-42A3-9474-1A3956D46DE8}") = "LibrariesTest", "LibrariesTest", "{641259BF-2FA0-4B54-BA74-C953875B0EBF}"
EndProject
Project("{FAE04EC0-301F-11D3-BF4B-00C04F79EFBC}") = "ExtensionsClassTests", "ExtensionsClassTests\ExtensionsClassTests.csproj", "{5D245645-1F37-4CE5-8026-3AE164D69B4C}"
EndProject
Project("{2150E333-8FDC-42A3-9474-1A3956D46DE8}") = "TestProject", "TestProject", "{1EDF5C13-3A57-4E2F-AB3E-C03676500F3B}"
EndProject
Project("{FAE04EC0-301F-11D3-BF4B-00C04F79EFBC}") = "Attributes", "Attributes\Attributes.csproj", "{162343A7-4F50-4C75-8C50-9F2DEF3CA80A}"
EndProject
Project("{FAE04EC0-301F-11D3-BF4B-00C04F79EFBC}") = "TestUseSOUPapiCB", "TestUseSOUPapiCB\TestUseSOUPapiCB.csproj", "{E2D616D4-9F84-4B3E-8337-6E43894A262F}"
EndProject
Project("{FAE04EC0-301F-11D3-BF4B-00C04F79EFBC}") = "TestUseSOUPapiCBConsole", "TestUseSOUPapiCBConsole\TestUseSOUPapiCBConsole.csproj", "{65040683-1743-4D26-92F5-37376983FE2A}"
EndProject
Project("{FAE04EC0-301F-11D3-BF4B-00C04F79EFBC}") = "СentralBankApi", "СentralBankApi\СentralBankApi.csproj", "{52AAAAE2-2628-4A1E-B88B-52151EAB4870}"
EndProject
Project("{FAE04EC0-301F-11D3-BF4B-00C04F79EFBC}") = "AddCurrency", "AddCurrency\AddCurrency.csproj", "{8BB820F6-D5D1-4BBD-8ECE-BFF40104735A}"
EndProject
Project("{FAE04EC0-301F-11D3-BF4B-00C04F79EFBC}") = "AddMetals", "AddMetals\AddMetals.csproj", "{1814FAA1-A55F-4C44-BE4D-D55B7273F9A1}"
EndProject
Global
	GlobalSection(SolutionConfigurationPlatforms) = preSolution
		Debug|Any CPU = Debug|Any CPU
		Release|Any CPU = Release|Any CPU
	EndGlobalSection
	GlobalSection(ProjectConfigurationPlatforms) = postSolution
		{3FF6F977-F638-47C5-B0CC-B03F275CE636}.Debug|Any CPU.ActiveCfg = Debug|Any CPU
		{3FF6F977-F638-47C5-B0CC-B03F275CE636}.Debug|Any CPU.Build.0 = Debug|Any CPU
		{3FF6F977-F638-47C5-B0CC-B03F275CE636}.Release|Any CPU.ActiveCfg = Release|Any CPU
		{3FF6F977-F638-47C5-B0CC-B03F275CE636}.Release|Any CPU.Build.0 = Release|Any CPU
		{034B9031-3AA6-4BEB-94C4-4A0424295C13}.Debug|Any CPU.ActiveCfg = Debug|Any CPU
		{034B9031-3AA6-4BEB-94C4-4A0424295C13}.Debug|Any CPU.Build.0 = Debug|Any CPU
		{034B9031-3AA6-4BEB-94C4-4A0424295C13}.Release|Any CPU.ActiveCfg = Release|Any CPU
		{034B9031-3AA6-4BEB-94C4-4A0424295C13}.Release|Any CPU.Build.0 = Release|Any CPU
		{E22CE22E-DBBD-4CBC-B6F3-4B6852896DC3}.Debug|Any CPU.ActiveCfg = Debug|Any CPU
		{E22CE22E-DBBD-4CBC-B6F3-4B6852896DC3}.Debug|Any CPU.Build.0 = Debug|Any CPU
		{E22CE22E-DBBD-4CBC-B6F3-4B6852896DC3}.Release|Any CPU.ActiveCfg = Release|Any CPU
		{E22CE22E-DBBD-4CBC-B6F3-4B6852896DC3}.Release|Any CPU.Build.0 = Release|Any CPU
		{61DEC687-D936-440C-A890-7297FD0C37DB}.Debug|Any CPU.ActiveCfg = Debug|Any CPU
		{61DEC687-D936-440C-A890-7297FD0C37DB}.Debug|Any CPU.Build.0 = Debug|Any CPU
		{61DEC687-D936-440C-A890-7297FD0C37DB}.Release|Any CPU.ActiveCfg = Release|Any CPU
		{61DEC687-D936-440C-A890-7297FD0C37DB}.Release|Any CPU.Build.0 = Release|Any CPU
		{5D245645-1F37-4CE5-8026-3AE164D69B4C}.Debug|Any CPU.ActiveCfg = Debug|Any CPU
		{5D245645-1F37-4CE5-8026-3AE164D69B4C}.Debug|Any CPU.Build.0 = Debug|Any CPU
		{5D245645-1F37-4CE5-8026-3AE164D69B4C}.Release|Any CPU.ActiveCfg = Release|Any CPU
		{5D245645-1F37-4CE5-8026-3AE164D69B4C}.Release|Any CPU.Build.0 = Release|Any CPU
		{162343A7-4F50-4C75-8C50-9F2DEF3CA80A}.Debug|Any CPU.ActiveCfg = Debug|Any CPU
		{162343A7-4F50-4C75-8C50-9F2DEF3CA80A}.Debug|Any CPU.Build.0 = Debug|Any CPU
		{162343A7-4F50-4C75-8C50-9F2DEF3CA80A}.Release|Any CPU.ActiveCfg = Release|Any CPU
		{162343A7-4F50-4C75-8C50-9F2DEF3CA80A}.Release|Any CPU.Build.0 = Release|Any CPU
		{E2D616D4-9F84-4B3E-8337-6E43894A262F}.Debug|Any CPU.ActiveCfg = Debug|Any CPU
		{E2D616D4-9F84-4B3E-8337-6E43894A262F}.Debug|Any CPU.Build.0 = Debug|Any CPU
		{E2D616D4-9F84-4B3E-8337-6E43894A262F}.Release|Any CPU.ActiveCfg = Release|Any CPU
		{E2D616D4-9F84-4B3E-8337-6E43894A262F}.Release|Any CPU.Build.0 = Release|Any CPU
		{65040683-1743-4D26-92F5-37376983FE2A}.Debug|Any CPU.ActiveCfg = Debug|Any CPU
		{65040683-1743-4D26-92F5-37376983FE2A}.Debug|Any CPU.Build.0 = Debug|Any CPU
		{65040683-1743-4D26-92F5-37376983FE2A}.Release|Any CPU.ActiveCfg = Release|Any CPU
		{65040683-1743-4D26-92F5-37376983FE2A}.Release|Any CPU.Build.0 = Release|Any CPU
		{52AAAAE2-2628-4A1E-B88B-52151EAB4870}.Debug|Any CPU.ActiveCfg = Debug|Any CPU
		{52AAAAE2-2628-4A1E-B88B-52151EAB4870}.Debug|Any CPU.Build.0 = Debug|Any CPU
		{52AAAAE2-2628-4A1E-B88B-52151EAB4870}.Release|Any CPU.ActiveCfg = Release|Any CPU
		{52AAAAE2-2628-4A1E-B88B-52151EAB4870}.Release|Any CPU.Build.0 = Release|Any CPU
		{8BB820F6-D5D1-4BBD-8ECE-BFF40104735A}.Debug|Any CPU.ActiveCfg = Debug|Any CPU
		{8BB820F6-D5D1-4BBD-8ECE-BFF40104735A}.Debug|Any CPU.Build.0 = Debug|Any CPU
		{8BB820F6-D5D1-4BBD-8ECE-BFF40104735A}.Release|Any CPU.ActiveCfg = Release|Any CPU
		{8BB820F6-D5D1-4BBD-8ECE-BFF40104735A}.Release|Any CPU.Build.0 = Release|Any CPU
		{1814FAA1-A55F-4C44-BE4D-D55B7273F9A1}.Debug|Any CPU.ActiveCfg = Debug|Any CPU
		{1814FAA1-A55F-4C44-BE4D-D55B7273F9A1}.Debug|Any CPU.Build.0 = Debug|Any CPU
		{1814FAA1-A55F-4C44-BE4D-D55B7273F9A1}.Release|Any CPU.ActiveCfg = Release|Any CPU
		{1814FAA1-A55F-4C44-BE4D-D55B7273F9A1}.Release|Any CPU.Build.0 = Release|Any CPU
	EndGlobalSection
	GlobalSection(SolutionProperties) = preSolution
		HideSolutionNode = FALSE
	EndGlobalSection
	GlobalSection(NestedProjects) = preSolution
		{3FF6F977-F638-47C5-B0CC-B03F275CE636} = {02CCA943-55B5-484F-B0F4-7CDC282DD99E}
		{034B9031-3AA6-4BEB-94C4-4A0424295C13} = {109ED62A-23AB-4402-AEA9-BBBAAE710412}
		{E22CE22E-DBBD-4CBC-B6F3-4B6852896DC3} = {109ED62A-23AB-4402-AEA9-BBBAAE710412}
		{61DEC687-D936-440C-A890-7297FD0C37DB} = {109ED62A-23AB-4402-AEA9-BBBAAE710412}
		{328391A4-EDE8-453F-A969-6B6A9DD117E1} = {97AF90AB-D3C3-48D7-AB19-BA61C5314327}
		{6CDDA351-6B63-4CD1-857A-28ED2A7B16AB} = {97AF90AB-D3C3-48D7-AB19-BA61C5314327}
		{4ED693C0-1AA2-41A0-846E-20E178862ACC} = {97AF90AB-D3C3-48D7-AB19-BA61C5314327}
		{641259BF-2FA0-4B54-BA74-C953875B0EBF} = {97AF90AB-D3C3-48D7-AB19-BA61C5314327}
		{5D245645-1F37-4CE5-8026-3AE164D69B4C} = {641259BF-2FA0-4B54-BA74-C953875B0EBF}
		{162343A7-4F50-4C75-8C50-9F2DEF3CA80A} = {109ED62A-23AB-4402-AEA9-BBBAAE710412}
		{E2D616D4-9F84-4B3E-8337-6E43894A262F} = {1EDF5C13-3A57-4E2F-AB3E-C03676500F3B}
		{65040683-1743-4D26-92F5-37376983FE2A} = {1EDF5C13-3A57-4E2F-AB3E-C03676500F3B}
		{52AAAAE2-2628-4A1E-B88B-52151EAB4870} = {109ED62A-23AB-4402-AEA9-BBBAAE710412}
		{8BB820F6-D5D1-4BBD-8ECE-BFF40104735A} = {02CCA943-55B5-484F-B0F4-7CDC282DD99E}
		{1814FAA1-A55F-4C44-BE4D-D55B7273F9A1} = {02CCA943-55B5-484F-B0F4-7CDC282DD99E}
	EndGlobalSection
	GlobalSection(ExtensibilityGlobals) = postSolution
		SolutionGuid = {1384A6F1-ED1C-4FA1-BF6E-0C4E52E21421}
	EndGlobalSection
EndGlobal
